// !$*UTF8*$!
{
	archiveVersion = 1;
	classes = {
	};
	objectVersion = 55;
	objects = {

/* Begin PBXBuildFile section */
		41416964283F2674001A5104 /* AppDelegate.swift in Sources */ = {isa = PBXBuildFile; fileRef = 41416963283F2674001A5104 /* AppDelegate.swift */; };
		41416966283F2674001A5104 /* SceneDelegate.swift in Sources */ = {isa = PBXBuildFile; fileRef = 41416965283F2674001A5104 /* SceneDelegate.swift */; };
		41416968283F2674001A5104 /* ViewController.swift in Sources */ = {isa = PBXBuildFile; fileRef = 41416967283F2674001A5104 /* ViewController.swift */; };
		4141696B283F2674001A5104 /* Main.storyboard in Resources */ = {isa = PBXBuildFile; fileRef = 41416969283F2674001A5104 /* Main.storyboard */; };
		4141696D283F2675001A5104 /* Assets.xcassets in Resources */ = {isa = PBXBuildFile; fileRef = 4141696C283F2675001A5104 /* Assets.xcassets */; };
		41416970283F2675001A5104 /* LaunchScreen.storyboard in Resources */ = {isa = PBXBuildFile; fileRef = 4141696E283F2675001A5104 /* LaunchScreen.storyboard */; };
		4141697B283F2676001A5104 /* UpDownGameClone2Tests.swift in Sources */ = {isa = PBXBuildFile; fileRef = 4141697A283F2676001A5104 /* UpDownGameClone2Tests.swift */; };
		41416985283F2676001A5104 /* UpDownGameClone2UITests.swift in Sources */ = {isa = PBXBuildFile; fileRef = 41416984283F2676001A5104 /* UpDownGameClone2UITests.swift */; };
		41416987283F2676001A5104 /* UpDownGameClone2UITestsLaunchTests.swift in Sources */ = {isa = PBXBuildFile; fileRef = 41416986283F2676001A5104 /* UpDownGameClone2UITestsLaunchTests.swift */; };
		41416994283F2F50001A5104 /* CreditViewController.swift in Sources */ = {isa = PBXBuildFile; fileRef = 41416993283F2F50001A5104 /* CreditViewController.swift */; };
/* End PBXBuildFile section */

/* Begin PBXContainerItemProxy section */
		41416977283F2676001A5104 /* PBXContainerItemProxy */ = {
			isa = PBXContainerItemProxy;
			containerPortal = 41416958283F2674001A5104 /* Project object */;
			proxyType = 1;
			remoteGlobalIDString = 4141695F283F2674001A5104;
			remoteInfo = UpDownGameClone2;
		};
		41416981283F2676001A5104 /* PBXContainerItemProxy */ = {
			isa = PBXContainerItemProxy;
			containerPortal = 41416958283F2674001A5104 /* Project object */;
			proxyType = 1;
			remoteGlobalIDString = 4141695F283F2674001A5104;
			remoteInfo = UpDownGameClone2;
		};
/* End PBXContainerItemProxy section */

/* Begin PBXFileReference section */
		41416960283F2674001A5104 /* UpDownGameClone2.app */ = {isa = PBXFileReference; explicitFileType = wrapper.application; includeInIndex = 0; path = UpDownGameClone2.app; sourceTree = BUILT_PRODUCTS_DIR; };
		41416963283F2674001A5104 /* AppDelegate.swift */ = {isa = PBXFileReference; lastKnownFileType = sourcecode.swift; path = AppDelegate.swift; sourceTree = "<group>"; };
		41416965283F2674001A5104 /* SceneDelegate.swift */ = {isa = PBXFileReference; lastKnownFileType = sourcecode.swift; path = SceneDelegate.swift; sourceTree = "<group>"; };
		41416967283F2674001A5104 /* ViewController.swift */ = {isa = PBXFileReference; lastKnownFileType = sourcecode.swift; path = ViewController.swift; sourceTree = "<group>"; };
		4141696A283F2674001A5104 /* Base */ = {isa = PBXFileReference; lastKnownFileType = file.storyboard; name = Base; path = Base.lproj/Main.storyboard; sourceTree = "<group>"; };
		4141696C283F2675001A5104 /* Assets.xcassets */ = {isa = PBXFileReference; lastKnownFileType = folder.assetcatalog; path = Assets.xcassets; sourceTree = "<group>"; };
		4141696F283F2675001A5104 /* Base */ = {isa = PBXFileReference; lastKnownFileType = file.storyboard; name = Base; path = Base.lproj/LaunchScreen.storyboard; sourceTree = "<group>"; };
		41416971283F2675001A5104 /* Info.plist */ = {isa = PBXFileReference; lastKnownFileType = text.plist.xml; path = Info.plist; sourceTree = "<group>"; };
		41416976283F2676001A5104 /* UpDownGameClone2Tests.xctest */ = {isa = PBXFileReference; explicitFileType = wrapper.cfbundle; includeInIndex = 0; path = UpDownGameClone2Tests.xctest; sourceTree = BUILT_PRODUCTS_DIR; };
		4141697A283F2676001A5104 /* UpDownGameClone2Tests.swift */ = {isa = PBXFileReference; lastKnownFileType = sourcecode.swift; path = UpDownGameClone2Tests.swift; sourceTree = "<group>"; };
		41416980283F2676001A5104 /* UpDownGameClone2UITests.xctest */ = {isa = PBXFileReference; explicitFileType = wrapper.cfbundle; includeInIndex = 0; path = UpDownGameClone2UITests.xctest; sourceTree = BUILT_PRODUCTS_DIR; };
		41416984283F2676001A5104 /* UpDownGameClone2UITests.swift */ = {isa = PBXFileReference; lastKnownFileType = sourcecode.swift; path = UpDownGameClone2UITests.swift; sourceTree = "<group>"; };
		41416986283F2676001A5104 /* UpDownGameClone2UITestsLaunchTests.swift */ = {isa = PBXFileReference; lastKnownFileType = sourcecode.swift; path = UpDownGameClone2UITestsLaunchTests.swift; sourceTree = "<group>"; };
		41416993283F2F50001A5104 /* CreditViewController.swift */ = {isa = PBXFileReference; lastKnownFileType = sourcecode.swift; path = CreditViewController.swift; sourceTree = "<group>"; };
/* End PBXFileReference section */

/* Begin PBXFrameworksBuildPhase section */
		4141695D283F2674001A5104 /* Frameworks */ = {
			isa = PBXFrameworksBuildPhase;
			buildActionMask = 2147483647;
			files = (
			);
			runOnlyForDeploymentPostprocessing = 0;
		};
		41416973283F2676001A5104 /* Frameworks */ = {
			isa = PBXFrameworksBuildPhase;
			buildActionMask = 2147483647;
			files = (
			);
			runOnlyForDeploymentPostprocessing = 0;
		};
		4141697D283F2676001A5104 /* Frameworks */ = {
			isa = PBXFrameworksBuildPhase;
			buildActionMask = 2147483647;
			files = (
			);
			runOnlyForDeploymentPostprocessing = 0;
		};
/* End PBXFrameworksBuildPhase section */

/* Begin PBXGroup section */
		41416957283F2674001A5104 = {
			isa = PBXGroup;
			children = (
				41416962283F2674001A5104 /* UpDownGameClone2 */,
				41416979283F2676001A5104 /* UpDownGameClone2Tests */,
				41416983283F2676001A5104 /* UpDownGameClone2UITests */,
				41416961283F2674001A5104 /* Products */,
			);
			sourceTree = "<group>";
		};
		41416961283F2674001A5104 /* Products */ = {
			isa = PBXGroup;
			children = (
				41416960283F2674001A5104 /* UpDownGameClone2.app */,
				41416976283F2676001A5104 /* UpDownGameClone2Tests.xctest */,
				41416980283F2676001A5104 /* UpDownGameClone2UITests.xctest */,
			);
			name = Products;
			sourceTree = "<group>";
		};
		41416962283F2674001A5104 /* UpDownGameClone2 */ = {
			isa = PBXGroup;
			children = (
				41416963283F2674001A5104 /* AppDelegate.swift */,
				41416965283F2674001A5104 /* SceneDelegate.swift */,
				41416967283F2674001A5104 /* ViewController.swift */,
				41416993283F2F50001A5104 /* CreditViewController.swift */,
				41416969283F2674001A5104 /* Main.storyboard */,
				4141696C283F2675001A5104 /* Assets.xcassets */,
				4141696E283F2675001A5104 /* LaunchScreen.storyboard */,
				41416971283F2675001A5104 /* Info.plist */,
			);
			path = UpDownGameClone2;
			sourceTree = "<group>";
		};
		41416979283F2676001A5104 /* UpDownGameClone2Tests */ = {
			isa = PBXGroup;
			children = (
				4141697A283F2676001A5104 /* UpDownGameClone2Tests.swift */,
			);
			path = UpDownGameClone2Tests;
			sourceTree = "<group>";
		};
		41416983283F2676001A5104 /* UpDownGameClone2UITests */ = {
			isa = PBXGroup;
			children = (
				41416984283F2676001A5104 /* UpDownGameClone2UITests.swift */,
				41416986283F2676001A5104 /* UpDownGameClone2UITestsLaunchTests.swift */,
			);
			path = UpDownGameClone2UITests;
			sourceTree = "<group>";
		};
/* End PBXGroup section */

/* Begin PBXNativeTarget section */
		4141695F283F2674001A5104 /* UpDownGameClone2 */ = {
			isa = PBXNativeTarget;
			buildConfigurationList = 4141698A283F2676001A5104 /* Build configuration list for PBXNativeTarget "UpDownGameClone2" */;
			buildPhases = (
				4141695C283F2674001A5104 /* Sources */,
				4141695D283F2674001A5104 /* Frameworks */,
				4141695E283F2674001A5104 /* Resources */,
			);
			buildRules = (
			);
			dependencies = (
			);
			name = UpDownGameClone2;
			productName = UpDownGameClone2;
			productReference = 41416960283F2674001A5104 /* UpDownGameClone2.app */;
			productType = "com.apple.product-type.application";
		};
		41416975283F2676001A5104 /* UpDownGameClone2Tests */ = {
			isa = PBXNativeTarget;
			buildConfigurationList = 4141698D283F2676001A5104 /* Build configuration list for PBXNativeTarget "UpDownGameClone2Tests" */;
			buildPhases = (
				41416972283F2676001A5104 /* Sources */,
				41416973283F2676001A5104 /* Frameworks */,
				41416974283F2676001A5104 /* Resources */,
			);
			buildRules = (
			);
			dependencies = (
				41416978283F2676001A5104 /* PBXTargetDependency */,
			);
			name = UpDownGameClone2Tests;
			productName = UpDownGameClone2Tests;
			productReference = 41416976283F2676001A5104 /* UpDownGameClone2Tests.xctest */;
			productType = "com.apple.product-type.bundle.unit-test";
		};
		4141697F283F2676001A5104 /* UpDownGameClone2UITests */ = {
			isa = PBXNativeTarget;
			buildConfigurationList = 41416990283F2676001A5104 /* Build configuration list for PBXNativeTarget "UpDownGameClone2UITests" */;
			buildPhases = (
				4141697C283F2676001A5104 /* Sources */,
				4141697D283F2676001A5104 /* Frameworks */,
				4141697E283F2676001A5104 /* Resources */,
			);
			buildRules = (
			);
			dependencies = (
				41416982283F2676001A5104 /* PBXTargetDependency */,
			);
			name = UpDownGameClone2UITests;
			productName = UpDownGameClone2UITests;
			productReference = 41416980283F2676001A5104 /* UpDownGameClone2UITests.xctest */;
			productType = "com.apple.product-type.bundle.ui-testing";
		};
/* End PBXNativeTarget section */

/* Begin PBXProject section */
		41416958283F2674001A5104 /* Project object */ = {
			isa = PBXProject;
			attributes = {
				BuildIndependentTargetsInParallel = 1;
				LastSwiftUpdateCheck = 1340;
				LastUpgradeCheck = 1340;
				TargetAttributes = {
					4141695F283F2674001A5104 = {
						CreatedOnToolsVersion = 13.4;
					};
					41416975283F2676001A5104 = {
						CreatedOnToolsVersion = 13.4;
						TestTargetID = 4141695F283F2674001A5104;
					};
					4141697F283F2676001A5104 = {
						CreatedOnToolsVersion = 13.4;
						TestTargetID = 4141695F283F2674001A5104;
					};
				};
			};
			buildConfigurationList = 4141695B283F2674001A5104 /* Build configuration list for PBXProject "UpDownGameClone2" */;
			compatibilityVersion = "Xcode 13.0";
			developmentRegion = en;
			hasScannedForEncodings = 0;
			knownRegions = (
				en,
				Base,
			);
			mainGroup = 41416957283F2674001A5104;
			productRefGroup = 41416961283F2674001A5104 /* Products */;
			projectDirPath = "";
			projectRoot = "";
			targets = (
				4141695F283F2674001A5104 /* UpDownGameClone2 */,
				41416975283F2676001A5104 /* UpDownGameClone2Tests */,
				4141697F283F2676001A5104 /* UpDownGameClone2UITests */,
			);
		};
/* End PBXProject section */

/* Begin PBXResourcesBuildPhase section */
		4141695E283F2674001A5104 /* Resources */ = {
			isa = PBXResourcesBuildPhase;
			buildActionMask = 2147483647;
			files = (
				41416970283F2675001A5104 /* LaunchScreen.storyboard in Resources */,
				4141696D283F2675001A5104 /* Assets.xcassets in Resources */,
				4141696B283F2674001A5104 /* Main.storyboard in Resources */,
			);
			runOnlyForDeploymentPostprocessing = 0;
		};
		41416974283F2676001A5104 /* Resources */ = {
			isa = PBXResourcesBuildPhase;
			buildActionMask = 2147483647;
			files = (
			);
			runOnlyForDeploymentPostprocessing = 0;
		};
		4141697E283F2676001A5104 /* Resources */ = {
			isa = PBXResourcesBuildPhase;
			buildActionMask = 2147483647;
			files = (
			);
			runOnlyForDeploymentPostprocessing = 0;
		};
/* End PBXResourcesBuildPhase section */

/* Begin PBXSourcesBuildPhase section */
		4141695C283F2674001A5104 /* Sources */ = {
			isa = PBXSourcesBuildPhase;
			buildActionMask = 2147483647;
			files = (
				41416968283F2674001A5104 /* ViewController.swift in Sources */,
				41416964283F2674001A5104 /* AppDelegate.swift in Sources */,
				41416966283F2674001A5104 /* SceneDelegate.swift in Sources */,
				41416994283F2F50001A5104 /* CreditViewController.swift in Sources */,
			);
			runOnlyForDeploymentPostprocessing = 0;
		};
		41416972283F2676001A5104 /* Sources */ = {
			isa = PBXSourcesBuildPhase;
			buildActionMask = 2147483647;
			files = (
				4141697B283F2676001A5104 /* UpDownGameClone2Tests.swift in Sources */,
			);
			runOnlyForDeploymentPostprocessing = 0;
		};
		4141697C283F2676001A5104 /* Sources */ = {
			isa = PBXSourcesBuildPhase;
			buildActionMask = 2147483647;
			files = (
				41416987283F2676001A5104 /* UpDownGameClone2UITestsLaunchTests.swift in Sources */,
				41416985283F2676001A5104 /* UpDownGameClone2UITests.swift in Sources */,
			);
			runOnlyForDeploymentPostprocessing = 0;
		};
/* End PBXSourcesBuildPhase section */

/* Begin PBXTargetDependency section */
		41416978283F2676001A5104 /* PBXTargetDependency */ = {
			isa = PBXTargetDependency;
			target = 4141695F283F2674001A5104 /* UpDownGameClone2 */;
			targetProxy = 41416977283F2676001A5104 /* PBXContainerItemProxy */;
		};
		41416982283F2676001A5104 /* PBXTargetDependency */ = {
			isa = PBXTargetDependency;
			target = 4141695F283F2674001A5104 /* UpDownGameClone2 */;
			targetProxy = 41416981283F2676001A5104 /* PBXContainerItemProxy */;
		};
/* End PBXTargetDependency section */

/* Begin PBXVariantGroup section */
		41416969283F2674001A5104 /* Main.storyboard */ = {
			isa = PBXVariantGroup;
			children = (
				4141696A283F2674001A5104 /* Base */,
			);
			name = Main.storyboard;
			sourceTree = "<group>";
		};
		4141696E283F2675001A5104 /* LaunchScreen.storyboard */ = {
			isa = PBXVariantGroup;
			children = (
				4141696F283F2675001A5104 /* Base */,
			);
			name = LaunchScreen.storyboard;
			sourceTree = "<group>";
		};
/* End PBXVariantGroup section */

/* Begin XCBuildConfiguration section */
		41416988283F2676001A5104 /* Debug */ = {
			isa = XCBuildConfiguration;
			buildSettings = {
				ALWAYS_SEARCH_USER_PATHS = NO;
				CLANG_ANALYZER_NONNULL = YES;
				CLANG_ANALYZER_NUMBER_OBJECT_CONVERSION = YES_AGGRESSIVE;
				CLANG_CXX_LANGUAGE_STANDARD = "gnu++17";
				CLANG_ENABLE_MODULES = YES;
				CLANG_ENABLE_OBJC_ARC = YES;
				CLANG_ENABLE_OBJC_WEAK = YES;
				CLANG_WARN_BLOCK_CAPTURE_AUTORELEASING = YES;
				CLANG_WARN_BOOL_CONVERSION = YES;
				CLANG_WARN_COMMA = YES;
				CLANG_WARN_CONSTANT_CONVERSION = YES;
				CLANG_WARN_DEPRECATED_OBJC_IMPLEMENTATIONS = YES;
				CLANG_WARN_DIRECT_OBJC_ISA_USAGE = YES_ERROR;
				CLANG_WARN_DOCUMENTATION_COMMENTS = YES;
				CLANG_WARN_EMPTY_BODY = YES;
				CLANG_WARN_ENUM_CONVERSION = YES;
				CLANG_WARN_INFINITE_RECURSION = YES;
				CLANG_WARN_INT_CONVERSION = YES;
				CLANG_WARN_NON_LITERAL_NULL_CONVERSION = YES;
				CLANG_WARN_OBJC_IMPLICIT_RETAIN_SELF = YES;
				CLANG_WARN_OBJC_LITERAL_CONVERSION = YES;
				CLANG_WARN_OBJC_ROOT_CLASS = YES_ERROR;
				CLANG_WARN_QUOTED_INCLUDE_IN_FRAMEWORK_HEADER = YES;
				CLANG_WARN_RANGE_LOOP_ANALYSIS = YES;
				CLANG_WARN_STRICT_PROTOTYPES = YES;
				CLANG_WARN_SUSPICIOUS_MOVE = YES;
				CLANG_WARN_UNGUARDED_AVAILABILITY = YES_AGGRESSIVE;
				CLANG_WARN_UNREACHABLE_CODE = YES;
				CLANG_WARN__DUPLICATE_METHOD_MATCH = YES;
				COPY_PHASE_STRIP = NO;
				DEBUG_INFORMATION_FORMAT = dwarf;
				ENABLE_STRICT_OBJC_MSGSEND = YES;
				ENABLE_TESTABILITY = YES;
				GCC_C_LANGUAGE_STANDARD = gnu11;
				GCC_DYNAMIC_NO_PIC = NO;
				GCC_NO_COMMON_BLOCKS = YES;
				GCC_OPTIMIZATION_LEVEL = 0;
				GCC_PREPROCESSOR_DEFINITIONS = (
					"DEBUG=1",
					"$(inherited)",
				);
				GCC_WARN_64_TO_32_BIT_CONVERSION = YES;
				GCC_WARN_ABOUT_RETURN_TYPE = YES_ERROR;
				GCC_WARN_UNDECLARED_SELECTOR = YES;
				GCC_WARN_UNINITIALIZED_AUTOS = YES_AGGRESSIVE;
				GCC_WARN_UNUSED_FUNCTION = YES;
				GCC_WARN_UNUSED_VARIABLE = YES;
				IPHONEOS_DEPLOYMENT_TARGET = 13.0;
				MTL_ENABLE_DEBUG_INFO = INCLUDE_SOURCE;
				MTL_FAST_MATH = YES;
				ONLY_ACTIVE_ARCH = YES;
				SDKROOT = iphoneos;
				SWIFT_ACTIVE_COMPILATION_CONDITIONS = DEBUG;
				SWIFT_OPTIMIZATION_LEVEL = "-Onone";
			};
			name = Debug;
		};
		41416989283F2676001A5104 /* Release */ = {
			isa = XCBuildConfiguration;
			buildSettings = {
				ALWAYS_SEARCH_USER_PATHS = NO;
				CLANG_ANALYZER_NONNULL = YES;
				CLANG_ANALYZER_NUMBER_OBJECT_CONVERSION = YES_AGGRESSIVE;
				CLANG_CXX_LANGUAGE_STANDARD = "gnu++17";
				CLANG_ENABLE_MODULES = YES;
				CLANG_ENABLE_OBJC_ARC = YES;
				CLANG_ENABLE_OBJC_WEAK = YES;
				CLANG_WARN_BLOCK_CAPTURE_AUTORELEASING = YES;
				CLANG_WARN_BOOL_CONVERSION = YES;
				CLANG_WARN_COMMA = YES;
				CLANG_WARN_CONSTANT_CONVERSION = YES;
				CLANG_WARN_DEPRECATED_OBJC_IMPLEMENTATIONS = YES;
				CLANG_WARN_DIRECT_OBJC_ISA_USAGE = YES_ERROR;
				CLANG_WARN_DOCUMENTATION_COMMENTS = YES;
				CLANG_WARN_EMPTY_BODY = YES;
				CLANG_WARN_ENUM_CONVERSION = YES;
				CLANG_WARN_INFINITE_RECURSION = YES;
				CLANG_WARN_INT_CONVERSION = YES;
				CLANG_WARN_NON_LITERAL_NULL_CONVERSION = YES;
				CLANG_WARN_OBJC_IMPLICIT_RETAIN_SELF = YES;
				CLANG_WARN_OBJC_LITERAL_CONVERSION = YES;
				CLANG_WARN_OBJC_ROOT_CLASS = YES_ERROR;
				CLANG_WARN_QUOTED_INCLUDE_IN_FRAMEWORK_HEADER = YES;
				CLANG_WARN_RANGE_LOOP_ANALYSIS = YES;
				CLANG_WARN_STRICT_PROTOTYPES = YES;
				CLANG_WARN_SUSPICIOUS_MOVE = YES;
				CLANG_WARN_UNGUARDED_AVAILABILITY = YES_AGGRESSIVE;
				CLANG_WARN_UNREACHABLE_CODE = YES;
				CLANG_WARN__DUPLICATE_METHOD_MATCH = YES;
				COPY_PHASE_STRIP = NO;
				DEBUG_INFORMATION_FORMAT = "dwarf-with-dsym";
				ENABLE_NS_ASSERTIONS = NO;
				ENABLE_STRICT_OBJC_MSGSEND = YES;
				GCC_C_LANGUAGE_STANDARD = gnu11;
				GCC_NO_COMMON_BLOCKS = YES;
				GCC_WARN_64_TO_32_BIT_CONVERSION = YES;
				GCC_WARN_ABOUT_RETURN_TYPE = YES_ERROR;
				GCC_WARN_UNDECLARED_SELECTOR = YES;
				GCC_WARN_UNINITIALIZED_AUTOS = YES_AGGRESSIVE;
				GCC_WARN_UNUSED_FUNCTION = YES;
				GCC_WARN_UNUSED_VARIABLE = YES;
				IPHONEOS_DEPLOYMENT_TARGET = 13.0;
				MTL_ENABLE_DEBUG_INFO = NO;
				MTL_FAST_MATH = YES;
				SDKROOT = iphoneos;
				SWIFT_COMPILATION_MODE = wholemodule;
				SWIFT_OPTIMIZATION_LEVEL = "-O";
				VALIDATE_PRODUCT = YES;
			};
			name = Release;
		};
		4141698B283F2676001A5104 /* Debug */ = {
			isa = XCBuildConfiguration;
			buildSettings = {
				ASSETCATALOG_COMPILER_APPICON_NAME = AppIcon;
				ASSETCATALOG_COMPILER_GLOBAL_ACCENT_COLOR_NAME = AccentColor;
				CODE_SIGN_STYLE = Automatic;
				CURRENT_PROJECT_VERSION = 1;
				DEVELOPMENT_TEAM = GU4WSYSAM9;
				GENERATE_INFOPLIST_FILE = YES;
				INFOPLIST_FILE = UpDownGameClone2/Info.plist;
				INFOPLIST_KEY_UIApplicationSupportsIndirectInputEvents = YES;
				INFOPLIST_KEY_UILaunchStoryboardName = LaunchScreen;
				INFOPLIST_KEY_UIMainStoryboardFile = Main;
				INFOPLIST_KEY_UISupportedInterfaceOrientations = "UIInterfaceOrientationLandscapeLeft UIInterfaceOrientationLandscapeRight";
				INFOPLIST_KEY_UISupportedInterfaceOrientations_iPad = "UIInterfaceOrientationPortrait UIInterfaceOrientationPortraitUpsideDown UIInterfaceOrientationLandscapeLeft UIInterfaceOrientationLandscapeRight";
				INFOPLIST_KEY_UISupportedInterfaceOrientations_iPhone = "UIInterfaceOrientationPortrait UIInterfaceOrientationLandscapeLeft UIInterfaceOrientationLandscapeRight";
				LD_RUNPATH_SEARCH_PATHS = (
					"$(inherited)",
					"@executable_path/Frameworks",
				);
				MARKETING_VERSION = 1.0;
				PRODUCT_BUNDLE_IDENTIFIER = com.jueun.UpDownGameClone2;
				PRODUCT_NAME = "$(TARGET_NAME)";
				SWIFT_EMIT_LOC_STRINGS = YES;
				SWIFT_VERSION = 5.0;
				TARGETED_DEVICE_FAMILY = "1,2";
			};
			name = Debug;
		};
		4141698C283F2676001A5104 /* Release */ = {
			isa = XCBuildConfiguration;
			buildSettings = {
				ASSETCATALOG_COMPILER_APPICON_NAME = AppIcon;
				ASSETCATALOG_COMPILER_GLOBAL_ACCENT_COLOR_NAME = AccentColor;
				CODE_SIGN_STYLE = Automatic;
				CURRENT_PROJECT_VERSION = 1;
				DEVELOPMENT_TEAM = GU4WSYSAM9;
				GENERATE_INFOPLIST_FILE = YES;
				INFOPLIST_FILE = UpDownGameClone2/Info.plist;
				INFOPLIST_KEY_UIApplicationSupportsIndirectInputEvents = YES;
				INFOPLIST_KEY_UILaunchStoryboardName = LaunchScreen;
				INFOPLIST_KEY_UIMainStoryboardFile = Main;
				INFOPLIST_KEY_UISupportedInterfaceOrientations = "UIInterfaceOrientationLandscapeLeft UIInterfaceOrientationLandscapeRight";
				INFOPLIST_KEY_UISupportedInterfaceOrientations_iPad = "UIInterfaceOrientationPortrait UIInterfaceOrientationPortraitUpsideDown UIInterfaceOrientationLandscapeLeft UIInterfaceOrientationLandscapeRight";
				INFOPLIST_KEY_UISupportedInterfaceOrientations_iPhone = "UIInterfaceOrientationPortrait UIInterfaceOrientationLandscapeLeft UIInterfaceOrientationLandscapeRight";
				LD_RUNPATH_SEARCH_PATHS = (
					"$(inherited)",
					"@executable_path/Frameworks",
				);
				MARKETING_VERSION = 1.0;
				PRODUCT_BUNDLE_IDENTIFIER = com.jueun.UpDownGameClone2;
				PRODUCT_NAME = "$(TARGET_NAME)";
				SWIFT_EMIT_LOC_STRINGS = YES;
				SWIFT_VERSION = 5.0;
				TARGETED_DEVICE_FAMILY = "1,2";
			};
			name = Release;
		};
		4141698E283F2676001A5104 /* Debug */ = {
			isa = XCBuildConfiguration;
			buildSettings = {
				ALWAYS_EMBED_SWIFT_STANDARD_LIBRARIES = YES;
				BUNDLE_LOADER = "$(TEST_HOST)";
				CODE_SIGN_STYLE = Automatic;
				CURRENT_PROJECT_VERSION = 1;
				DEVELOPMENT_TEAM = GU4WSYSAM9;
				GENERATE_INFOPLIST_FILE = YES;
				IPHONEOS_DEPLOYMENT_TARGET = 15.5;
				MARKETING_VERSION = 1.0;
				PRODUCT_BUNDLE_IDENTIFIER = com.jueun.UpDownGameClone2Tests;
				PRODUCT_NAME = "$(TARGET_NAME)";
				SWIFT_EMIT_LOC_STRINGS = NO;
				SWIFT_VERSION = 5.0;
				TARGETED_DEVICE_FAMILY = "1,2";
				TEST_HOST = "$(BUILT_PRODUCTS_DIR)/UpDownGameClone2.app/UpDownGameClone2";
			};
			name = Debug;
		};
		4141698F283F2676001A5104 /* Release */ = {
			isa = XCBuildConfiguration;
			buildSettings = {
				ALWAYS_EMBED_SWIFT_STANDARD_LIBRARIES = YES;
				BUNDLE_LOADER = "$(TEST_HOST)";
				CODE_SIGN_STYLE = Automatic;
				CURRENT_PROJECT_VERSION = 1;
				DEVELOPMENT_TEAM = GU4WSYSAM9;
				GENERATE_INFOPLIST_FILE = YES;
				IPHONEOS_DEPLOYMENT_TARGET = 15.5;
				MARKETING_VERSION = 1.0;
				PRODUCT_BUNDLE_IDENTIFIER = com.jueun.UpDownGameClone2Tests;
				PRODUCT_NAME = "$(TARGET_NAME)";
				SWIFT_EMIT_LOC_STRINGS = NO;
				SWIFT_VERSION = 5.0;
				TARGETED_DEVICE_FAMILY = "1,2";
				TEST_HOST = "$(BUILT_PRODUCTS_DIR)/UpDownGameClone2.app/UpDownGameClone2";
			};
			name = Release;
		};
		41416991283F2676001A5104 /* Debug */ = {
			isa = XCBuildConfiguration;
			buildSettings = {
				ALWAYS_EMBED_SWIFT_STANDARD_LIBRARIES = YES;
				CODE_SIGN_STYLE = Automatic;
				CURRENT_PROJECT_VERSION = 1;
				DEVELOPMENT_TEAM = GU4WSYSAM9;
				GENERATE_INFOPLIST_FILE = YES;
				MARKETING_VERSION = 1.0;
				PRODUCT_BUNDLE_IDENTIFIER = com.jueun.UpDownGameClone2UITests;
				PRODUCT_NAME = "$(TARGET_NAME)";
				SWIFT_EMIT_LOC_STRINGS = NO;
				SWIFT_VERSION = 5.0;
				TARGETED_DEVICE_FAMILY = "1,2";
				TEST_TARGET_NAME = UpDownGameClone2;
			};
			name = Debug;
		};
		41416992283F2676001A5104 /* Release */ = {
			isa = XCBuildConfiguration;
			buildSettings = {
				ALWAYS_EMBED_SWIFT_STANDARD_LIBRARIES = YES;
				CODE_SIGN_STYLE = Automatic;
				CURRENT_PROJECT_VERSION = 1;
				DEVELOPMENT_TEAM = GU4WSYSAM9;
				GENERATE_INFOPLIST_FILE = YES;
				MARKETING_VERSION = 1.0;
				PRODUCT_BUNDLE_IDENTIFIER = com.jueun.UpDownGameClone2UITests;
				PRODUCT_NAME = "$(TARGET_NAME)";
				SWIFT_EMIT_LOC_STRINGS = NO;
				SWIFT_VERSION = 5.0;
				TARGETED_DEVICE_FAMILY = "1,2";
				TEST_TARGET_NAME = UpDownGameClone2;
			};
			name = Release;
		};
/* End XCBuildConfiguration section */

/* Begin XCConfigurationList section */
		4141695B283F2674001A5104 /* Build configuration list for PBXProject "UpDownGameClone2" */ = {
			isa = XCConfigurationList;
			buildConfigurations = (
				41416988283F2676001A5104 /* Debug */,
				41416989283F2676001A5104 /* Release */,
			);
			defaultConfigurationIsVisible = 0;
			defaultConfigurationName = Release;
		};
		4141698A283F2676001A5104 /* Build configuration list for PBXNativeTarget "UpDownGameClone2" */ = {
			isa = XCConfigurationList;
			buildConfigurations = (
				4141698B283F2676001A5104 /* Debug */,
				4141698C283F2676001A5104 /* Release */,
			);
			defaultConfigurationIsVisible = 0;
			defaultConfigurationName = Release;
		};
		4141698D283F2676001A5104 /* Build configuration list for PBXNativeTarget "UpDownGameClone2Tests" */ = {
			isa = XCConfigurationList;
			buildConfigurations = (
				4141698E283F2676001A5104 /* Debug */,
				4141698F283F2676001A5104 /* Release */,
			);
			defaultConfigurationIsVisible = 0;
			defaultConfigurationName = Release;
		};
		41416990283F2676001A5104 /* Build configuration list for PBXNativeTarget "UpDownGameClone2UITests" */ = {
			isa = XCConfigurationList;
			buildConfigurations = (
				41416991283F2676001A5104 /* Debug */,
				41416992283F2676001A5104 /* Release */,
			);
			defaultConfigurationIsVisible = 0;
			defaultConfigurationName = Release;
		};
/* End XCConfigurationList section */
	};
	rootObject = 41416958283F2674001A5104 /* Project object */;
}
